{
  "requires": true,
  "lockfileVersion": 1,
  "dependencies": {
    "@vant/weapp": {
      "version": "1.8.6",
      "resolved": "https://registry.npmjs.org/@vant/weapp/-/weapp-1.8.6.tgz",
      "integrity": "sha512-0E5FUkwhE0irGZpVjyPftKtzIj6yOTU9ACxD+LiqaM80DcNWE8cor/zrcO5bxSE0WKkm8AXCNJe8QSuxWEsUmA=="
    },
    "miniprogram-api-typings": {
      "version": "3.4.3",
      "resolved": "https://registry.npmjs.org/miniprogram-api-typings/-/miniprogram-api-typings-3.4.3.tgz",
      "integrity": "sha512-wdBZG2IImFjkTFv66r225455J+//gn4c7Ja99aC3mVV0AqTRl45FwAFA7ur9KZd2j+ORGtyK1ldBT49rXpVE2w==",
      "dev": true
    }
  }
}
